PODS:
  - LINQ4Obj-C (1.2.0)
  - PXQuisiteDeveloper (0.1.0):
    - LINQ4Obj-C
    - PXQuisiteExtensions
  - PXQuisiteExtensions (0.3.2)

DEPENDENCIES:
  - PXQuisiteDeveloper (from `../`)

EXTERNAL SOURCES:
  PXQuisiteDeveloper:
    :path: ../

SPEC CHECKSUMS:
  LINQ4Obj-C: 21cc3a91c669ee64882594b6f6c33e6c7f76ae67
  PXQuisiteDeveloper: 0774310dd66766fee61fcc06341ecd06c5151060
  PXQuisiteExtensions: 5b8f130a581a82b775e2a90941b2fe348a3ff1f8

COCOAPODS: 0.36.0
